
Microsoft Visual Studio Solution File, Format Version 12.00
# Visual Studio 15
VisualStudioVersion = 15.0.28010.2026
MinimumVisualStudioVersion = 10.0.40219.1
Project("{8BC9CEB8-8B4A-11D0-8D11-00A0C91BC942}") = "SeedEngine", "SeedEngine.vcxproj", "{06AA5B5E-F3C6-4691-9460-A8BF5A4B88EB}"
EndProject
Project("{8BC9CEB8-8B4A-11D0-8D11-00A0C91BC942}") = "Math", "Math\Math.vcxproj", "{45E5E0BD-50C4-489E-A1D2-E80E96F8C410}"
EndProject
Project("{8BC9CEB8-8B4A-11D0-8D11-00A0C91BC942}") = "DirectX11", "DirectX11\DirectX11.vcxproj", "{656F31A7-62F6-4939-815D-13C74C0D6AC5}"
EndProject
Project("{8BC9CEB8-8B4A-11D0-8D11-00A0C91BC942}") = "DirectXTex", "DirectXTex\DirectXTex\DirectXTex_Desktop_2017_Win10.vcxproj", "{371B9FA9-4C90-4AC6-A123-ACED756D6C77}"
EndProject
Project("{8BC9CEB8-8B4A-11D0-8D11-00A0C91BC942}") = "EntityComponentSystem", "EntityComponentSystem\EntityComponentSystem.vcxproj", "{DB488413-E61F-40A8-87AE-FC8589759E67}"
EndProject
Project("{8BC9CEB8-8B4A-11D0-8D11-00A0C91BC942}") = "Window", "Window\Window.vcxproj", "{7455AB5A-61F4-4F68-AD86-67FE452878BA}"
EndProject
Global
	GlobalSection(SolutionConfigurationPlatforms) = preSolution
		Debug|x64 = Debug|x64
		Debug|x86 = Debug|x86
		Profile|x64 = Profile|x64
		Profile|x86 = Profile|x86
		Release|x64 = Release|x64
		Release|x86 = Release|x86
	EndGlobalSection
	GlobalSection(ProjectConfigurationPlatforms) = postSolution
		{06AA5B5E-F3C6-4691-9460-A8BF5A4B88EB}.Debug|x64.ActiveCfg = Debug|x64
		{06AA5B5E-F3C6-4691-9460-A8BF5A4B88EB}.Debug|x64.Build.0 = Debug|x64
		{06AA5B5E-F3C6-4691-9460-A8BF5A4B88EB}.Debug|x86.ActiveCfg = Debug|Win32
		{06AA5B5E-F3C6-4691-9460-A8BF5A4B88EB}.Debug|x86.Build.0 = Debug|Win32
		{06AA5B5E-F3C6-4691-9460-A8BF5A4B88EB}.Profile|x64.ActiveCfg = Release|x64
		{06AA5B5E-F3C6-4691-9460-A8BF5A4B88EB}.Profile|x64.Build.0 = Release|x64
		{06AA5B5E-F3C6-4691-9460-A8BF5A4B88EB}.Profile|x86.ActiveCfg = Release|Win32
		{06AA5B5E-F3C6-4691-9460-A8BF5A4B88EB}.Profile|x86.Build.0 = Release|Win32
		{06AA5B5E-F3C6-4691-9460-A8BF5A4B88EB}.Release|x64.ActiveCfg = Release|x64
		{06AA5B5E-F3C6-4691-9460-A8BF5A4B88EB}.Release|x64.Build.0 = Release|x64
		{06AA5B5E-F3C6-4691-9460-A8BF5A4B88EB}.Release|x86.ActiveCfg = Release|Win32
		{06AA5B5E-F3C6-4691-9460-A8BF5A4B88EB}.Release|x86.Build.0 = Release|Win32
		{45E5E0BD-50C4-489E-A1D2-E80E96F8C410}.Debug|x64.ActiveCfg = Debug|x64
		{45E5E0BD-50C4-489E-A1D2-E80E96F8C410}.Debug|x64.Build.0 = Debug|x64
		{45E5E0BD-50C4-489E-A1D2-E80E96F8C410}.Debug|x86.ActiveCfg = Debug|Win32
		{45E5E0BD-50C4-489E-A1D2-E80E96F8C410}.Debug|x86.Build.0 = Debug|Win32
		{45E5E0BD-50C4-489E-A1D2-E80E96F8C410}.Profile|x64.ActiveCfg = Release|x64
		{45E5E0BD-50C4-489E-A1D2-E80E96F8C410}.Profile|x64.Build.0 = Release|x64
		{45E5E0BD-50C4-489E-A1D2-E80E96F8C410}.Profile|x86.ActiveCfg = Release|Win32
		{45E5E0BD-50C4-489E-A1D2-E80E96F8C410}.Profile|x86.Build.0 = Release|Win32
		{45E5E0BD-50C4-489E-A1D2-E80E96F8C410}.Release|x64.ActiveCfg = Release|x64
		{45E5E0BD-50C4-489E-A1D2-E80E96F8C410}.Release|x64.Build.0 = Release|x64
		{45E5E0BD-50C4-489E-A1D2-E80E96F8C410}.Release|x86.ActiveCfg = Release|Win32
		{45E5E0BD-50C4-489E-A1D2-E80E96F8C410}.Release|x86.Build.0 = Release|Win32
		{656F31A7-62F6-4939-815D-13C74C0D6AC5}.Debug|x64.ActiveCfg = Debug|x64
		{656F31A7-62F6-4939-815D-13C74C0D6AC5}.Debug|x64.Build.0 = Debug|x64
		{656F31A7-62F6-4939-815D-13C74C0D6AC5}.Debug|x86.ActiveCfg = Debug|Win32
		{656F31A7-62F6-4939-815D-13C74C0D6AC5}.Debug|x86.Build.0 = Debug|Win32
		{656F31A7-62F6-4939-815D-13C74C0D6AC5}.Profile|x64.ActiveCfg = Release|x64
		{656F31A7-62F6-4939-815D-13C74C0D6AC5}.Profile|x64.Build.0 = Release|x64
		{656F31A7-62F6-4939-815D-13C74C0D6AC5}.Profile|x86.ActiveCfg = Release|Win32
		{656F31A7-62F6-4939-815D-13C74C0D6AC5}.Profile|x86.Build.0 = Release|Win32
		{656F31A7-62F6-4939-815D-13C74C0D6AC5}.Release|x64.ActiveCfg = Release|x64
		{656F31A7-62F6-4939-815D-13C74C0D6AC5}.Release|x64.Build.0 = Release|x64
		{656F31A7-62F6-4939-815D-13C74C0D6AC5}.Release|x86.ActiveCfg = Release|Win32
		{656F31A7-62F6-4939-815D-13C74C0D6AC5}.Release|x86.Build.0 = Release|Win32
		{371B9FA9-4C90-4AC6-A123-ACED756D6C77}.Debug|x64.ActiveCfg = Debug|x64
		{371B9FA9-4C90-4AC6-A123-ACED756D6C77}.Debug|x64.Build.0 = Debug|x64
		{371B9FA9-4C90-4AC6-A123-ACED756D6C77}.Debug|x86.ActiveCfg = Debug|Win32
		{371B9FA9-4C90-4AC6-A123-ACED756D6C77}.Debug|x86.Build.0 = Debug|Win32
		{371B9FA9-4C90-4AC6-A123-ACED756D6C77}.Profile|x64.ActiveCfg = Profile|x64
		{371B9FA9-4C90-4AC6-A123-ACED756D6C77}.Profile|x64.Build.0 = Profile|x64
		{371B9FA9-4C90-4AC6-A123-ACED756D6C77}.Profile|x86.ActiveCfg = Profile|Win32
		{371B9FA9-4C90-4AC6-A123-ACED756D6C77}.Profile|x86.Build.0 = Profile|Win32
		{371B9FA9-4C90-4AC6-A123-ACED756D6C77}.Release|x64.ActiveCfg = Release|x64
		{371B9FA9-4C90-4AC6-A123-ACED756D6C77}.Release|x64.Build.0 = Release|x64
		{371B9FA9-4C90-4AC6-A123-ACED756D6C77}.Release|x86.ActiveCfg = Release|Win32
		{371B9FA9-4C90-4AC6-A123-ACED756D6C77}.Release|x86.Build.0 = Release|Win32
		{DB488413-E61F-40A8-87AE-FC8589759E67}.Debug|x64.ActiveCfg = Debug|x64
		{DB488413-E61F-40A8-87AE-FC8589759E67}.Debug|x64.Build.0 = Debug|x64
		{DB488413-E61F-40A8-87AE-FC8589759E67}.Debug|x86.ActiveCfg = Debug|Win32
		{DB488413-E61F-40A8-87AE-FC8589759E67}.Debug|x86.Build.0 = Debug|Win32
		{DB488413-E61F-40A8-87AE-FC8589759E67}.Profile|x64.ActiveCfg = Release|x64
		{DB488413-E61F-40A8-87AE-FC8589759E67}.Profile|x64.Build.0 = Release|x64
		{DB488413-E61F-40A8-87AE-FC8589759E67}.Profile|x86.ActiveCfg = Release|Win32
		{DB488413-E61F-40A8-87AE-FC8589759E67}.Profile|x86.Build.0 = Release|Win32
		{DB488413-E61F-40A8-87AE-FC8589759E67}.Release|x64.ActiveCfg = Release|x64
		{DB488413-E61F-40A8-87AE-FC8589759E67}.Release|x64.Build.0 = Release|x64
		{DB488413-E61F-40A8-87AE-FC8589759E67}.Release|x86.ActiveCfg = Release|Win32
		{DB488413-E61F-40A8-87AE-FC8589759E67}.Release|x86.Build.0 = Release|Win32
		{7455AB5A-61F4-4F68-AD86-67FE452878BA}.Debug|x64.ActiveCfg = Debug|x64
		{7455AB5A-61F4-4F68-AD86-67FE452878BA}.Debug|x64.Build.0 = Debug|x64
		{7455AB5A-61F4-4F68-AD86-67FE452878BA}.Debug|x86.ActiveCfg = Debug|Win32
		{7455AB5A-61F4-4F68-AD86-67FE452878BA}.Debug|x86.Build.0 = Debug|Win32
		{7455AB5A-61F4-4F68-AD86-67FE452878BA}.Profile|x64.ActiveCfg = Release|x64
		{7455AB5A-61F4-4F68-AD86-67FE452878BA}.Profile|x64.Build.0 = Release|x64
		{7455AB5A-61F4-4F68-AD86-67FE452878BA}.Profile|x86.ActiveCfg = Release|Win32
		{7455AB5A-61F4-4F68-AD86-67FE452878BA}.Profile|x86.Build.0 = Release|Win32
		{7455AB5A-61F4-4F68-AD86-67FE452878BA}.Release|x64.ActiveCfg = Release|x64
		{7455AB5A-61F4-4F68-AD86-67FE452878BA}.Release|x64.Build.0 = Release|x64
		{7455AB5A-61F4-4F68-AD86-67FE452878BA}.Release|x86.ActiveCfg = Release|Win32
		{7455AB5A-61F4-4F68-AD86-67FE452878BA}.Release|x86.Build.0 = Release|Win32
	EndGlobalSection
	GlobalSection(SolutionProperties) = preSolution
		HideSolutionNode = FALSE
	EndGlobalSection
	GlobalSection(ExtensibilityGlobals) = postSolution
		SolutionGuid = {AAD6C621-7440-4F58-AFDC-B644CD241AC1}
	EndGlobalSection
EndGlobal
